
Microsoft Visual Studio Solution File, Format Version 12.00
# Visual Studio Version 16
VisualStudioVersion = 16.0.30320.27
MinimumVisualStudioVersion = 10.0.40219.1
Project("{FAE04EC0-301F-11D3-BF4B-00C04F79EFBC}") = "Button_Practice_two", "Button_Practice_two.csproj", "{E8CDA3ED-1829-4873-85A0-F4F5AC4C9F4C}"
EndProject
Global
	GlobalSection(SolutionConfigurationPlatforms) = preSolution
		Debug|Any CPU = Debug|Any CPU
		Release|Any CPU = Release|Any CPU
	EndGlobalSection
	GlobalSection(ProjectConfigurationPlatforms) = postSolution
		{E8CDA3ED-1829-4873-85A0-F4F5AC4C9F4C}.Debug|Any CPU.ActiveCfg = Debug|Any CPU
		{E8CDA3ED-1829-4873-85A0-F4F5AC4C9F4C}.Debug|Any CPU.Build.0 = Debug|Any CPU
		{E8CDA3ED-1829-4873-85A0-F4F5AC4C9F4C}.Release|Any CPU.ActiveCfg = Release|Any CPU
		{E8CDA3ED-1829-4873-85A0-F4F5AC4C9F4C}.Release|Any CPU.Build.0 = Release|Any CPU
	EndGlobalSection
	GlobalSection(SolutionProperties) = preSolution
		HideSolutionNode = FALSE
	EndGlobalSection
	GlobalSection(ExtensibilityGlobals) = postSolution
		SolutionGuid = {A4D84CD2-889E-4574-9177-A621779B08B7}
	EndGlobalSection
EndGlobal
